
Microsoft Visual Studio Solution File, Format Version 12.00
# Visual Studio Version 17
VisualStudioVersion = 17.0.31903.59
MinimumVisualStudioVersion = 10.0.40219.1
Project("{FAE04EC0-301F-11D3-BF4B-00C04F79EFBC}") = "BighiniLuca", "BighiniLuca\BighiniLuca.csproj", "{ACCD8BE1-3306-4E38-8F78-2008C1ADC219}"
EndProject
Project("{FAE04EC0-301F-11D3-BF4B-00C04F79EFBC}") = "Common", "Common\Common.csproj", "{FCA53A70-04A6-4117-B0C4-287087E72393}"
EndProject
Global
	GlobalSection(SolutionConfigurationPlatforms) = preSolution
		Debug|Any CPU = Debug|Any CPU
		Release|Any CPU = Release|Any CPU
	EndGlobalSection
	GlobalSection(SolutionProperties) = preSolution
		HideSolutionNode = FALSE
	EndGlobalSection
	GlobalSection(ProjectConfigurationPlatforms) = postSolution
		{ACCD8BE1-3306-4E38-8F78-2008C1ADC219}.Debug|Any CPU.ActiveCfg = Debug|Any CPU
		{ACCD8BE1-3306-4E38-8F78-2008C1ADC219}.Debug|Any CPU.Build.0 = Debug|Any CPU
		{ACCD8BE1-3306-4E38-8F78-2008C1ADC219}.Release|Any CPU.ActiveCfg = Release|Any CPU
		{ACCD8BE1-3306-4E38-8F78-2008C1ADC219}.Release|Any CPU.Build.0 = Release|Any CPU
		{FCA53A70-04A6-4117-B0C4-287087E72393}.Debug|Any CPU.ActiveCfg = Debug|Any CPU
		{FCA53A70-04A6-4117-B0C4-287087E72393}.Debug|Any CPU.Build.0 = Debug|Any CPU
		{FCA53A70-04A6-4117-B0C4-287087E72393}.Release|Any CPU.ActiveCfg = Release|Any CPU
		{FCA53A70-04A6-4117-B0C4-287087E72393}.Release|Any CPU.Build.0 = Release|Any CPU
	EndGlobalSection
EndGlobal
